Microsoft Visual Studio Solution File, Format Version 12.00
# Visual Studio Version 17
VisualStudioVersion = 17.5.2.0
MinimumVisualStudioVersion = 10.0.40219.1
Project("{FAE04EC0-301F-11D3-BF4B-00C04F79EFBC}") = "TaskManagerPlus", "TaskManagerPlus.csproj", "{685AD3A5-8793-E91A-ED69-82CEB55A0C61}"
EndProject
Global
	GlobalSection(SolutionConfigurationPlatforms) = preSolution
		Debug|Any CPU = Debug|Any CPU
		Release|Any CPU = Release|Any CPU
	EndGlobalSection
	GlobalSection(ProjectConfigurationPlatforms) = postSolution
		{685AD3A5-8793-E91A-ED69-82CEB55A0C61}.Debug|Any CPU.ActiveCfg = Debug|Any CPU
		{685AD3A5-8793-E91A-ED69-82CEB55A0C61}.Debug|Any CPU.Build.0 = Debug|Any CPU
		{685AD3A5-8793-E91A-ED69-82CEB55A0C61}.Release|Any CPU.ActiveCfg = Release|Any CPU
		{685AD3A5-8793-E91A-ED69-82CEB55A0C61}.Release|Any CPU.Build.0 = Release|Any CPU
	EndGlobalSection
	GlobalSection(SolutionProperties) = preSolution
		HideSolutionNode = FALSE
	EndGlobalSection
	GlobalSection(ExtensibilityGlobals) = postSolution
		SolutionGuid = {57E6F222-0BE1-4CC5-A191-87B43905AF33}
	EndGlobalSection
EndGlobal
